// !$*UTF8*$!
{
	archiveVersion = 1;
	classes = {
	};
	objectVersion = 46;
	objects = {

/* Begin PBXBuildFile section */
		8529B51A0B77ADD196DCEB47 /* Pods_ToDoListAppTests.framework in Frameworks */ = {isa = PBXBuildFile; fileRef = 0EB29A44F5D9469F03F8E8C0 /* Pods_ToDoListAppTests.framework */; };
		A9E9074F5A245E6211592D3E /* Pods_ToDoListApp.framework in Frameworks */ = {isa = PBXBuildFile; fileRef = 6A4AA31AE7CD63D808708517 /* Pods_ToDoListApp.framework */; };
		FDEACF401E417A1400909197 /* AppDelegate.swift in Sources */ = {isa = PBXBuildFile; fileRef = FDEACF3F1E417A1400909197 /* AppDelegate.swift */; };
		FDEACF421E417A1400909197 /* ViewController.swift in Sources */ = {isa = PBXBuildFile; fileRef = FDEACF411E417A1400909197 /* ViewController.swift */; };
		FDEACF451E417A1500909197 /* Main.storyboard in Resources */ = {isa = PBXBuildFile; fileRef = FDEACF431E417A1500909197 /* Main.storyboard */; };
		FDEACF471E417A1500909197 /* Assets.xcassets in Resources */ = {isa = PBXBuildFile; fileRef = FDEACF461E417A1500909197 /* Assets.xcassets */; };
		FDEACF4A1E417A1500909197 /* LaunchScreen.storyboard in Resources */ = {isa = PBXBuildFile; fileRef = FDEACF481E417A1500909197 /* LaunchScreen.storyboard */; };
		FDEACF551E417A1500909197 /* ToDoListAppTests.swift in Sources */ = {isa = PBXBuildFile; fileRef = FDEACF541E417A1500909197 /* ToDoListAppTests.swift */; };
/* End PBXBuildFile section */

/* Begin PBXContainerItemProxy section */
		FDEACF511E417A1500909197 /* PBXContainerItemProxy */ = {
			isa = PBXContainerItemProxy;
			containerPortal = FDEACF341E417A1400909197 /* Project object */;
			proxyType = 1;
			remoteGlobalIDString = FDEACF3B1E417A1400909197;
			remoteInfo = ToDoListApp;
		};
/* End PBXContainerItemProxy section */

/* Begin PBXFileReference section */
		0EB29A44F5D9469F03F8E8C0 /* Pods_ToDoListAppTests.framework */ = {isa = PBXFileReference; explicitFileType = wrapper.framework; includeInIndex = 0; path = Pods_ToDoListAppTests.framework; sourceTree = BUILT_PRODUCTS_DIR; };
		2A8D06968A769D313E24D8B0 /* Pods-ToDoListApp.release.xcconfig */ = {isa = PBXFileReference; includeInIndex = 1; lastKnownFileType = text.xcconfig; name = "Pods-ToDoListApp.release.xcconfig"; path = "Pods/Target Support Files/Pods-ToDoListApp/Pods-ToDoListApp.release.xcconfig"; sourceTree = "<group>"; };
		6A4AA31AE7CD63D808708517 /* Pods_ToDoListApp.framework */ = {isa = PBXFileReference; explicitFileType = wrapper.framework; includeInIndex = 0; path = Pods_ToDoListApp.framework; sourceTree = BUILT_PRODUCTS_DIR; };
		93094E52BEFE87ADB702EE4F /* Pods-ToDoListAppTests.debug.xcconfig */ = {isa = PBXFileReference; includeInIndex = 1; lastKnownFileType = text.xcconfig; name = "Pods-ToDoListAppTests.debug.xcconfig"; path = "Pods/Target Support Files/Pods-ToDoListAppTests/Pods-ToDoListAppTests.debug.xcconfig"; sourceTree = "<group>"; };
		CAA728E9E8E1F026C6E45606 /* Pods-ToDoListApp.debug.xcconfig */ = {isa = PBXFileReference; includeInIndex = 1; lastKnownFileType = text.xcconfig; name = "Pods-ToDoListApp.debug.xcconfig"; path = "Pods/Target Support Files/Pods-ToDoListApp/Pods-ToDoListApp.debug.xcconfig"; sourceTree = "<group>"; };
		E2D6E35C9256214C86D7E51E /* Pods-ToDoListAppTests.release.xcconfig */ = {isa = PBXFileReference; includeInIndex = 1; lastKnownFileType = text.xcconfig; name = "Pods-ToDoListAppTests.release.xcconfig"; path = "Pods/Target Support Files/Pods-ToDoListAppTests/Pods-ToDoListAppTests.release.xcconfig"; sourceTree = "<group>"; };
		FDEACF3C1E417A1400909197 /* ToDoListApp.app */ = {isa = PBXFileReference; explicitFileType = wrapper.application; includeInIndex = 0; path = ToDoListApp.app; sourceTree = BUILT_PRODUCTS_DIR; };
		FDEACF3F1E417A1400909197 /* AppDelegate.swift */ = {isa = PBXFileReference; lastKnownFileType = sourcecode.swift; path = AppDelegate.swift; sourceTree = "<group>"; };
		FDEACF411E417A1400909197 /* ViewController.swift */ = {isa = PBXFileReference; lastKnownFileType = sourcecode.swift; path = ViewController.swift; sourceTree = "<group>"; };
		FDEACF441E417A1500909197 /* Base */ = {isa = PBXFileReference; lastKnownFileType = file.storyboard; name = Base; path = Base.lproj/Main.storyboard; sourceTree = "<group>"; };
		FDEACF461E417A1500909197 /* Assets.xcassets */ = {isa = PBXFileReference; lastKnownFileType = folder.assetcatalog; path = Assets.xcassets; sourceTree = "<group>"; };
		FDEACF491E417A1500909197 /* Base */ = {isa = PBXFileReference; lastKnownFileType = file.storyboard; name = Base; path = Base.lproj/LaunchScreen.storyboard; sourceTree = "<group>"; };
		FDEACF4B1E417A1500909197 /* Info.plist */ = {isa = PBXFileReference; lastKnownFileType = text.plist.xml; path = Info.plist; sourceTree = "<group>"; };
		FDEACF501E417A1500909197 /* ToDoListAppTests.xctest */ = {isa = PBXFileReference; explicitFileType = wrapper.cfbundle; includeInIndex = 0; path = ToDoListAppTests.xctest; sourceTree = BUILT_PRODUCTS_DIR; };
		FDEACF541E417A1500909197 /* ToDoListAppTests.swift */ = {isa = PBXFileReference; lastKnownFileType = sourcecode.swift; path = ToDoListAppTests.swift; sourceTree = "<group>"; };
		FDEACF561E417A1500909197 /* Info.plist */ = {isa = PBXFileReference; lastKnownFileType = text.plist.xml; path = Info.plist; sourceTree = "<group>"; };
/* End PBXFileReference section */

/* Begin PBXFrameworksBuildPhase section */
		FDEACF391E417A1400909197 /* Frameworks */ = {
			isa = PBXFrameworksBuildPhase;
			buildActionMask = 2147483647;
			files = (
				A9E9074F5A245E6211592D3E /* Pods_ToDoListApp.framework in Frameworks */,
			);
			runOnlyForDeploymentPostprocessing = 0;
		};
		FDEACF4D1E417A1500909197 /* Frameworks */ = {
			isa = PBXFrameworksBuildPhase;
			buildActionMask = 2147483647;
			files = (
				8529B51A0B77ADD196DCEB47 /* Pods_ToDoListAppTests.framework in Frameworks */,
			);
			runOnlyForDeploymentPostprocessing = 0;
		};
/* End PBXFrameworksBuildPhase section */

/* Begin PBXGroup section */
		792B5B12E3E0E64CAF9CEA8C /* Frameworks */ = {
			isa = PBXGroup;
			children = (
				6A4AA31AE7CD63D808708517 /* Pods_ToDoListApp.framework */,
				0EB29A44F5D9469F03F8E8C0 /* Pods_ToDoListAppTests.framework */,
			);
			name = Frameworks;
			sourceTree = "<group>";
		};
		E1034F4D319C85722EFAEE2B /* Pods */ = {
			isa = PBXGroup;
			children = (
				CAA728E9E8E1F026C6E45606 /* Pods-ToDoListApp.debug.xcconfig */,
				2A8D06968A769D313E24D8B0 /* Pods-ToDoListApp.release.xcconfig */,
				93094E52BEFE87ADB702EE4F /* Pods-ToDoListAppTests.debug.xcconfig */,
				E2D6E35C9256214C86D7E51E /* Pods-ToDoListAppTests.release.xcconfig */,
			);
			name = Pods;
			sourceTree = "<group>";
		};
		FDEACF331E417A1400909197 = {
			isa = PBXGroup;
			children = (
				FDEACF3E1E417A1400909197 /* ToDoListApp */,
				FDEACF531E417A1500909197 /* ToDoListAppTests */,
				FDEACF3D1E417A1400909197 /* Products */,
				E1034F4D319C85722EFAEE2B /* Pods */,
				792B5B12E3E0E64CAF9CEA8C /* Frameworks */,
			);
			sourceTree = "<group>";
		};
		FDEACF3D1E417A1400909197 /* Products */ = {
			isa = PBXGroup;
			children = (
				FDEACF3C1E417A1400909197 /* ToDoListApp.app */,
				FDEACF501E417A1500909197 /* ToDoListAppTests.xctest */,
			);
			name = Products;
			sourceTree = "<group>";
		};
		FDEACF3E1E417A1400909197 /* ToDoListApp */ = {
			isa = PBXGroup;
			children = (
				FDEACF3F1E417A1400909197 /* AppDelegate.swift */,
				FDEACF411E417A1400909197 /* ViewController.swift */,
				FDEACF431E417A1500909197 /* Main.storyboard */,
				FDEACF461E417A1500909197 /* Assets.xcassets */,
				FDEACF481E417A1500909197 /* LaunchScreen.storyboard */,
				FDEACF4B1E417A1500909197 /* Info.plist */,
			);
			path = ToDoListApp;
			sourceTree = "<group>";
		};
		FDEACF531E417A1500909197 /* ToDoListAppTests */ = {
			isa = PBXGroup;
			children = (
				FDEACF541E417A1500909197 /* ToDoListAppTests.swift */,
				FDEACF561E417A1500909197 /* Info.plist */,
			);
			path = ToDoListAppTests;
			sourceTree = "<group>";
		};
/* End PBXGroup section */

/* Begin PBXNativeTarget section */
		FDEACF3B1E417A1400909197 /* ToDoListApp */ = {
			isa = PBXNativeTarget;
			buildConfigurationList = FDEACF591E417A1500909197 /* Build configuration list for PBXNativeTarget "ToDoListApp" */;
			buildPhases = (
				412988965FFE0FE9DD155AB5 /* [CP] Check Pods Manifest.lock */,
				FDEACF381E417A1400909197 /* Sources */,
				FDEACF391E417A1400909197 /* Frameworks */,
				FDEACF3A1E417A1400909197 /* Resources */,
				7FACF0E13C0AF92F7737E650 /* [CP] Embed Pods Frameworks */,
				D0603B9CB92593651AD7FEEB /* [CP] Copy Pods Resources */,
			);
			buildRules = (
			);
			dependencies = (
			);
			name = ToDoListApp;
			productName = ToDoListApp;
			productReference = FDEACF3C1E417A1400909197 /* ToDoListApp.app */;
			productType = "com.apple.product-type.application";
		};
		FDEACF4F1E417A1500909197 /* ToDoListAppTests */ = {
			isa = PBXNativeTarget;
			buildConfigurationList = FDEACF5C1E417A1500909197 /* Build configuration list for PBXNativeTarget "ToDoListAppTests" */;
			buildPhases = (
				CF60A59F994C30C7BCCEAB99 /* [CP] Check Pods Manifest.lock */,
				FDEACF4C1E417A1500909197 /* Sources */,
				FDEACF4D1E417A1500909197 /* Frameworks */,
				FDEACF4E1E417A1500909197 /* Resources */,
				C8CF1101A0713474986AF016 /* [CP] Embed Pods Frameworks */,
				45624F47A71C343F636B7D8F /* [CP] Copy Pods Resources */,
			);
			buildRules = (
			);
			dependencies = (
				FDEACF521E417A1500909197 /* PBXTargetDependency */,
			);
			name = ToDoListAppTests;
			productName = ToDoListAppTests;
			productReference = FDEACF501E417A1500909197 /* ToDoListAppTests.xctest */;
			productType = "com.apple.product-type.bundle.unit-test";
		};
/* End PBXNativeTarget section */

/* Begin PBXProject section */
		FDEACF341E417A1400909197 /* Project object */ = {
			isa = PBXProject;
			attributes = {
				LastSwiftUpdateCheck = 0820;
				LastUpgradeCheck = 0820;
				ORGANIZATIONNAME = "Centennial College";
				TargetAttributes = {
					FDEACF3B1E417A1400909197 = {
						CreatedOnToolsVersion = 8.2.1;
						DevelopmentTeam = 2BULHRS882;
						ProvisioningStyle = Automatic;
					};
					FDEACF4F1E417A1500909197 = {
						CreatedOnToolsVersion = 8.2.1;
						DevelopmentTeam = 2BULHRS882;
						ProvisioningStyle = Automatic;
						TestTargetID = FDEACF3B1E417A1400909197;
					};
				};
			};
			buildConfigurationList = FDEACF371E417A1400909197 /* Build configuration list for PBXProject "ToDoListApp" */;
			compatibilityVersion = "Xcode 3.2";
			developmentRegion = English;
			hasScannedForEncodings = 0;
			knownRegions = (
				en,
				Base,
			);
			mainGroup = FDEACF331E417A1400909197;
			productRefGroup = FDEACF3D1E417A1400909197 /* Products */;
			projectDirPath = "";
			projectRoot = "";
			targets = (
				FDEACF3B1E417A1400909197 /* ToDoListApp */,
				FDEACF4F1E417A1500909197 /* ToDoListAppTests */,
			);
		};
/* End PBXProject section */

/* Begin PBXResourcesBuildPhase section */
		FDEACF3A1E417A1400909197 /* Resources */ = {
			isa = PBXResourcesBuildPhase;
			buildActionMask = 2147483647;
			files = (
				FDEACF4A1E417A1500909197 /* LaunchScreen.storyboard in Resources */,
				FDEACF471E417A1500909197 /* Assets.xcassets in Resources */,
				FDEACF451E417A1500909197 /* Main.storyboard in Resources */,
			);
			runOnlyForDeploymentPostprocessing = 0;
		};
		FDEACF4E1E417A1500909197 /* Resources */ = {
			isa = PBXResourcesBuildPhase;
			buildActionMask = 2147483647;
			files = (
			);
			runOnlyForDeploymentPostprocessing = 0;
		};
/* End PBXResourcesBuildPhase section */

/* Begin PBXShellScriptBuildPhase section */
		412988965FFE0FE9DD155AB5 /* [CP] Check Pods Manifest.lock */ = {
			isa = PBXShellScriptBuildPhase;
			buildActionMask = 2147483647;
			files = (
			);
			inputPaths = (
			);
			name = "[CP] Check Pods Manifest.lock";
			outputPaths = (
			);
			runOnlyForDeploymentPostprocessing = 0;
			shellPath = /bin/sh;
			shellScript = "diff \"${PODS_ROOT}/../Podfile.lock\" \"${PODS_ROOT}/Manifest.lock\" > /dev/null\nif [ $? != 0 ] ; then\n    # print error to STDERR\n    echo \"error: The sandbox is not in sync with the Podfile.lock. Run 'pod install' or update your CocoaPods installation.\" >&2\n    exit 1\nfi\n";
			showEnvVarsInLog = 0;
		};
		45624F47A71C343F636B7D8F /* [CP] Copy Pods Resources */ = {
			isa = PBXShellScriptBuildPhase;
			buildActionMask = 2147483647;
			files = (
			);
			inputPaths = (
			);
			name = "[CP] Copy Pods Resources";
			outputPaths = (
			);
			runOnlyForDeploymentPostprocessing = 0;
			shellPath = /bin/sh;
			shellScript = "\"${SRCROOT}/Pods/Target Support Files/Pods-ToDoListAppTests/Pods-ToDoListAppTests-resources.sh\"\n";
			showEnvVarsInLog = 0;
		};
		7FACF0E13C0AF92F7737E650 /* [CP] Embed Pods Frameworks */ = {
			isa = PBXShellScriptBuildPhase;
			buildActionMask = 2147483647;
			files = (
			);
			inputPaths = (
			);
			name = "[CP] Embed Pods Frameworks";
			outputPaths = (
			);
			runOnlyForDeploymentPostprocessing = 0;
			shellPath = /bin/sh;
			shellScript = "\"${SRCROOT}/Pods/Target Support Files/Pods-ToDoListApp/Pods-ToDoListApp-frameworks.sh\"\n";
			showEnvVarsInLog = 0;
		};
		C8CF1101A0713474986AF016 /* [CP] Embed Pods Frameworks */ = {
			isa = PBXShellScriptBuildPhase;
			buildActionMask = 2147483647;
			files = (
			);
			inputPaths = (
			);
			name = "[CP] Embed Pods Frameworks";
			outputPaths = (
			);
			runOnlyForDeploymentPostprocessing = 0;
			shellPath = /bin/sh;
			shellScript = "\"${SRCROOT}/Pods/Target Support Files/Pods-ToDoListAppTests/Pods-ToDoListAppTests-frameworks.sh\"\n";
			showEnvVarsInLog = 0;
		};
		CF60A59F994C30C7BCCEAB99 /* [CP] Check Pods Manifest.lock */ = {
			isa = PBXShellScriptBuildPhase;
			buildActionMask = 2147483647;
			files = (
			);
			inputPaths = (
			);
			name = "[CP] Check Pods Manifest.lock";
			outputPaths = (
			);
			runOnlyForDeploymentPostprocessing = 0;
			shellPath = /bin/sh;
			shellScript = "diff \"${PODS_ROOT}/../Podfile.lock\" \"${PODS_ROOT}/Manifest.lock\" > /dev/null\nif [ $? != 0 ] ; then\n    # print error to STDERR\n    echo \"error: The sandbox is not in sync with the Podfile.lock. Run 'pod install' or update your CocoaPods installation.\" >&2\n    exit 1\nfi\n";
			showEnvVarsInLog = 0;
		};
		D0603B9CB92593651AD7FEEB /* [CP] Copy Pods Resources */ = {
			isa = PBXShellScriptBuildPhase;
			buildActionMask = 2147483647;
			files = (
			);
			inputPaths = (
			);
			name = "[CP] Copy Pods Resources";
			outputPaths = (
			);
			runOnlyForDeploymentPostprocessing = 0;
			shellPath = /bin/sh;
			shellScript = "\"${SRCROOT}/Pods/Target Support Files/Pods-ToDoListApp/Pods-ToDoListApp-resources.sh\"\n";
			showEnvVarsInLog = 0;
		};
/* End PBXShellScriptBuildPhase section */

/* Begin PBXSourcesBuildPhase section */
		FDEACF381E417A1400909197 /* Sources */ = {
			isa = PBXSourcesBuildPhase;
			buildActionMask = 2147483647;
			files = (
				FDEACF421E417A1400909197 /* ViewController.swift in Sources */,
				FDEACF401E417A1400909197 /* AppDelegate.swift in Sources */,
			);
			runOnlyForDeploymentPostprocessing = 0;
		};
		FDEACF4C1E417A1500909197 /* Sources */ = {
			isa = PBXSourcesBuildPhase;
			buildActionMask = 2147483647;
			files = (
				FDEACF551E417A1500909197 /* ToDoListAppTests.swift in Sources */,
			);
			runOnlyForDeploymentPostprocessing = 0;
		};
/* End PBXSourcesBuildPhase section */

/* Begin PBXTargetDependency section */
		FDEACF521E417A1500909197 /* PBXTargetDependency */ = {
			isa = PBXTargetDependency;
			target = FDEACF3B1E417A1400909197 /* ToDoListApp */;
			targetProxy = FDEACF511E417A1500909197 /* PBXContainerItemProxy */;
		};
/* End PBXTargetDependency section */

/* Begin PBXVariantGroup section */
		FDEACF431E417A1500909197 /* Main.storyboard */ = {
			isa = PBXVariantGroup;
			children = (
				FDEACF441E417A1500909197 /* Base */,
			);
			name = Main.storyboard;
			sourceTree = "<group>";
		};
		FDEACF481E417A1500909197 /* LaunchScreen.storyboard */ = {
			isa = PBXVariantGroup;
			children = (
				FDEACF491E417A1500909197 /* Base */,
			);
			name = LaunchScreen.storyboard;
			sourceTree = "<group>";
		};
/* End PBXVariantGroup section */

/* Begin XCBuildConfiguration section */
		FDEACF571E417A1500909197 /* Debug */ = {
			isa = XCBuildConfiguration;
			buildSettings = {
				ALWAYS_SEARCH_USER_PATHS = NO;
				CLANG_ANALYZER_NONNULL = YES;
				CLANG_CXX_LANGUAGE_STANDARD = "gnu++0x";
				CLANG_CXX_LIBRARY = "libc++";
				CLANG_ENABLE_MODULES = YES;
				CLANG_ENABLE_OBJC_ARC = YES;
				CLANG_WARN_BOOL_CONVERSION = YES;
				CLANG_WARN_CONSTANT_CONVERSION = YES;
				CLANG_WARN_DIRECT_OBJC_ISA_USAGE = YES_ERROR;
				CLANG_WARN_DOCUMENTATION_COMMENTS = YES;
				CLANG_WARN_EMPTY_BODY = YES;
				CLANG_WARN_ENUM_CONVERSION = YES;
				CLANG_WARN_INFINITE_RECURSION = YES;
				CLANG_WARN_INT_CONVERSION = YES;
				CLANG_WARN_OBJC_ROOT_CLASS = YES_ERROR;
				CLANG_WARN_SUSPICIOUS_MOVE = YES;
				CLANG_WARN_UNREACHABLE_CODE = YES;
				CLANG_WARN__DUPLICATE_METHOD_MATCH = YES;
				"CODE_SIGN_IDENTITY[sdk=iphoneos*]" = "iPhone Developer";
				COPY_PHASE_STRIP = NO;
				DEBUG_INFORMATION_FORMAT = dwarf;
				ENABLE_STRICT_OBJC_MSGSEND = YES;
				ENABLE_TESTABILITY = YES;
				GCC_C_LANGUAGE_STANDARD = gnu99;
				GCC_DYNAMIC_NO_PIC = NO;
				GCC_NO_COMMON_BLOCKS = YES;
				GCC_OPTIMIZATION_LEVEL = 0;
				GCC_PREPROCESSOR_DEFINITIONS = (
					"DEBUG=1",
					"$(inherited)",
				);
				GCC_WARN_64_TO_32_BIT_CONVERSION = YES;
				GCC_WARN_ABOUT_RETURN_TYPE = YES_ERROR;
				GCC_WARN_UNDECLARED_SELECTOR = YES;
				GCC_WARN_UNINITIALIZED_AUTOS = YES_AGGRESSIVE;
				GCC_WARN_UNUSED_FUNCTION = YES;
				GCC_WARN_UNUSED_VARIABLE = YES;
				IPHONEOS_DEPLOYMENT_TARGET = 10.2;
				MTL_ENABLE_DEBUG_INFO = YES;
				ONLY_ACTIVE_ARCH = YES;
				SDKROOT = iphoneos;
				SWIFT_ACTIVE_COMPILATION_CONDITIONS = DEBUG;
				SWIFT_OPTIMIZATION_LEVEL = "-Onone";
				TARGETED_DEVICE_FAMILY = "1,2";
			};
			name = Debug;
		};
		FDEACF581E417A1500909197 /* Release */ = {
			isa = XCBuildConfiguration;
			buildSettings = {
				ALWAYS_SEARCH_USER_PATHS = NO;
				CLANG_ANALYZER_NONNULL = YES;
				CLANG_CXX_LANGUAGE_STANDARD = "gnu++0x";
				CLANG_CXX_LIBRARY = "libc++";
				CLANG_ENABLE_MODULES = YES;
				CLANG_ENABLE_OBJC_ARC = YES;
				CLANG_WARN_BOOL_CONVERSION = YES;
				CLANG_WARN_CONSTANT_CONVERSION = YES;
				CLANG_WARN_DIRECT_OBJC_ISA_USAGE = YES_ERROR;
				CLANG_WARN_DOCUMENTATION_COMMENTS = YES;
				CLANG_WARN_EMPTY_BODY = YES;
				CLANG_WARN_ENUM_CONVERSION = YES;
				CLANG_WARN_INFINITE_RECURSION = YES;
				CLANG_WARN_INT_CONVERSION = YES;
				CLANG_WARN_OBJC_ROOT_CLASS = YES_ERROR;
				CLANG_WARN_SUSPICIOUS_MOVE = YES;
				CLANG_WARN_UNREACHABLE_CODE = YES;
				CLANG_WARN__DUPLICATE_METHOD_MATCH = YES;
				"CODE_SIGN_IDENTITY[sdk=iphoneos*]" = "iPhone Developer";
				COPY_PHASE_STRIP = NO;
				DEBUG_INFORMATION_FORMAT = "dwarf-with-dsym";
				ENABLE_NS_ASSERTIONS = NO;
				ENABLE_STRICT_OBJC_MSGSEND = YES;
				GCC_C_LANGUAGE_STANDARD = gnu99;
				GCC_NO_COMMON_BLOCKS = YES;
				GCC_WARN_64_TO_32_BIT_CONVERSION = YES;
				GCC_WARN_ABOUT_RETURN_TYPE = YES_ERROR;
				GCC_WARN_UNDECLARED_SELECTOR = YES;
				GCC_WARN_UNINITIALIZED_AUTOS = YES_AGGRESSIVE;
				GCC_WARN_UNUSED_FUNCTION = YES;
				GCC_WARN_UNUSED_VARIABLE = YES;
				IPHONEOS_DEPLOYMENT_TARGET = 10.2;
				MTL_ENABLE_DEBUG_INFO = NO;
				SDKROOT = iphoneos;
				SWIFT_OPTIMIZATION_LEVEL = "-Owholemodule";
				TARGETED_DEVICE_FAMILY = "1,2";
				VALIDATE_PRODUCT = YES;
			};
			name = Release;
		};
		FDEACF5A1E417A1500909197 /* Debug */ = {
			isa = XCBuildConfiguration;
			baseConfigurationReference = CAA728E9E8E1F026C6E45606 /* Pods-ToDoListApp.debug.xcconfig */;
			buildSettings = {
				ASSETCATALOG_COMPILER_APPICON_NAME = AppIcon;
				DEVELOPMENT_TEAM = 2BULHRS882;
				INFOPLIST_FILE = ToDoListApp/Info.plist;
				LD_RUNPATH_SEARCH_PATHS = "$(inherited) @executable_path/Frameworks";
				PRODUCT_BUNDLE_IDENTIFIER = com.basil.ToDoListApp;
				PRODUCT_NAME = "$(TARGET_NAME)";
				SWIFT_VERSION = 3.0;
			};
			name = Debug;
		};
		FDEACF5B1E417A1500909197 /* Release */ = {
			isa = XCBuildConfiguration;
			baseConfigurationReference = 2A8D06968A769D313E24D8B0 /* Pods-ToDoListApp.release.xcconfig */;
			buildSettings = {
				ASSETCATALOG_COMPILER_APPICON_NAME = AppIcon;
				DEVELOPMENT_TEAM = 2BULHRS882;
				INFOPLIST_FILE = ToDoListApp/Info.plist;
				LD_RUNPATH_SEARCH_PATHS = "$(inherited) @executable_path/Frameworks";
				PRODUCT_BUNDLE_IDENTIFIER = com.basil.ToDoListApp;
				PRODUCT_NAME = "$(TARGET_NAME)";
				SWIFT_VERSION = 3.0;
			};
			name = Release;
		};
		FDEACF5D1E417A1500909197 /* Debug */ = {
			isa = XCBuildConfiguration;
			baseConfigurationReference = 93094E52BEFE87ADB702EE4F /* Pods-ToDoListAppTests.debug.xcconfig */;
			buildSettings = {
				ALWAYS_EMBED_SWIFT_STANDARD_LIBRARIES = YES;
				BUNDLE_LOADER = "$(TEST_HOST)";
				DEVELOPMENT_TEAM = 2BULHRS882;
				INFOPLIST_FILE = ToDoListAppTests/Info.plist;
				LD_RUNPATH_SEARCH_PATHS = "$(inherited) @executable_path/Frameworks @loader_path/Frameworks";
				PRODUCT_BUNDLE_IDENTIFIER = com.basil.ToDoListAppTests;
				PRODUCT_NAME = "$(TARGET_NAME)";
				SWIFT_VERSION = 3.0;
				TEST_HOST = "$(BUILT_PRODUCTS_DIR)/ToDoListApp.app/ToDoListApp";
			};
			name = Debug;
		};
		FDEACF5E1E417A1500909197 /* Release */ = {
			isa = XCBuildConfiguration;
			baseConfigurationReference = E2D6E35C9256214C86D7E51E /* Pods-ToDoListAppTests.release.xcconfig */;
			buildSettings = {
				ALWAYS_EMBED_SWIFT_STANDARD_LIBRARIES = YES;
				BUNDLE_LOADER = "$(TEST_HOST)";
				DEVELOPMENT_TEAM = 2BULHRS882;
				INFOPLIST_FILE = ToDoListAppTests/Info.plist;
				LD_RUNPATH_SEARCH_PATHS = "$(inherited) @executable_path/Frameworks @loader_path/Frameworks";
				PRODUCT_BUNDLE_IDENTIFIER = com.basil.ToDoListAppTests;
				PRODUCT_NAME = "$(TARGET_NAME)";
				SWIFT_VERSION = 3.0;
				TEST_HOST = "$(BUILT_PRODUCTS_DIR)/ToDoListApp.app/ToDoListApp";
			};
			name = Release;
		};
/* End XCBuildConfiguration section */

/* Begin XCConfigurationList section */
		FDEACF371E417A1400909197 /* Build configuration list for PBXProject "ToDoListApp" */ = {
			isa = XCConfigurationList;
			buildConfigurations = (
				FDEACF571E417A1500909197 /* Debug */,
				FDEACF581E417A1500909197 /* Release */,
			);
			defaultConfigurationIsVisible = 0;
			defaultConfigurationName = Release;
		};
		FDEACF591E417A1500909197 /* Build configuration list for PBXNativeTarget "ToDoListApp" */ = {
			isa = XCConfigurationList;
			buildConfigurations = (
				FDEACF5A1E417A1500909197 /* Debug */,
				FDEACF5B1E417A1500909197 /* Release */,
			);
			defaultConfigurationIsVisible = 0;
		};
		FDEACF5C1E417A1500909197 /* Build configuration list for PBXNativeTarget "ToDoListAppTests" */ = {
			isa = XCConfigurationList;
			buildConfigurations = (
				FDEACF5D1E417A1500909197 /* Debug */,
				FDEACF5E1E417A1500909197 /* Release */,
			);
			defaultConfigurationIsVisible = 0;
		};
/* End XCConfigurationList section */
	};
	rootObject = FDEACF341E417A1400909197 /* Project object */;
}
